
Microsoft Visual Studio Solution File, Format Version 12.00
# Visual Studio 15
VisualStudioVersion = 15.0.28010.2019
MinimumVisualStudioVersion = 10.0.40219.1
Project("{FAE04EC0-301F-11D3-BF4B-00C04F79EFBC}") = "MySales.Android", "MySales\MySales.Android\MySales.Android.csproj", "{73F19966-4D3B-4621-B36E-9DA8742C0FFA}"
EndProject
Project("{FAE04EC0-301F-11D3-BF4B-00C04F79EFBC}") = "MySales.iOS", "MySales\MySales.iOS\MySales.iOS.csproj", "{7D3CA3BE-72B6-4193-9960-B8A615E7E028}"
EndProject
Project("{FAE04EC0-301F-11D3-BF4B-00C04F79EFBC}") = "MySales", "MySales\MySales\MySales.csproj", "{2A7E4640-9BE7-469B-805C-13163813639B}"
EndProject
Global
	GlobalSection(SolutionConfigurationPlatforms) = preSolution
		Ad-Hoc|Any CPU = Ad-Hoc|Any CPU
		Ad-Hoc|iPhone = Ad-Hoc|iPhone
		Ad-Hoc|iPhoneSimulator = Ad-Hoc|iPhoneSimulator
		AppStore|Any CPU = AppStore|Any CPU
		AppStore|iPhone = AppStore|iPhone
		AppStore|iPhoneSimulator = AppStore|iPhoneSimulator
		Debug|Any CPU = Debug|Any CPU
		Debug|iPhone = Debug|iPhone
		Debug|iPhoneSimulator = Debug|iPhoneSimulator
		Release|Any CPU = Release|Any CPU
		Release|iPhone = Release|iPhone
		Release|iPhoneSimulator = Release|iPhoneSimulator
	EndGlobalSection
	GlobalSection(ProjectConfigurationPlatforms) = postSolution
		{73F19966-4D3B-4621-B36E-9DA8742C0FFA}.Ad-Hoc|Any CPU.ActiveCfg = Release|Any CPU
		{73F19966-4D3B-4621-B36E-9DA8742C0FFA}.Ad-Hoc|Any CPU.Build.0 = Release|Any CPU
		{73F19966-4D3B-4621-B36E-9DA8742C0FFA}.Ad-Hoc|Any CPU.Deploy.0 = Release|Any CPU
		{73F19966-4D3B-4621-B36E-9DA8742C0FFA}.Ad-Hoc|iPhone.ActiveCfg = Release|Any CPU
		{73F19966-4D3B-4621-B36E-9DA8742C0FFA}.Ad-Hoc|iPhone.Build.0 = Release|Any CPU
		{73F19966-4D3B-4621-B36E-9DA8742C0FFA}.Ad-Hoc|iPhone.Deploy.0 = Release|Any CPU
		{73F19966-4D3B-4621-B36E-9DA8742C0FFA}.Ad-Hoc|iPhoneSimulator.ActiveCfg = Release|Any CPU
		{73F19966-4D3B-4621-B36E-9DA8742C0FFA}.Ad-Hoc|iPhoneSimulator.Build.0 = Release|Any CPU
		{73F19966-4D3B-4621-B36E-9DA8742C0FFA}.Ad-Hoc|iPhoneSimulator.Deploy.0 = Release|Any CPU
		{73F19966-4D3B-4621-B36E-9DA8742C0FFA}.AppStore|Any CPU.ActiveCfg = Release|Any CPU
		{73F19966-4D3B-4621-B36E-9DA8742C0FFA}.AppStore|Any CPU.Build.0 = Release|Any CPU
		{73F19966-4D3B-4621-B36E-9DA8742C0FFA}.AppStore|Any CPU.Deploy.0 = Release|Any CPU
		{73F19966-4D3B-4621-B36E-9DA8742C0FFA}.AppStore|iPhone.ActiveCfg = Release|Any CPU
		{73F19966-4D3B-4621-B36E-9DA8742C0FFA}.AppStore|iPhone.Build.0 = Release|Any CPU
		{73F19966-4D3B-4621-B36E-9DA8742C0FFA}.AppStore|iPhone.Deploy.0 = Release|Any CPU
		{73F19966-4D3B-4621-B36E-9DA8742C0FFA}.AppStore|iPhoneSimulator.ActiveCfg = Release|Any CPU
		{73F19966-4D3B-4621-B36E-9DA8742C0FFA}.AppStore|iPhoneSimulator.Build.0 = Release|Any CPU
		{73F19966-4D3B-4621-B36E-9DA8742C0FFA}.AppStore|iPhoneSimulator.Deploy.0 = Release|Any CPU
		{73F19966-4D3B-4621-B36E-9DA8742C0FFA}.Debug|Any CPU.ActiveCfg = Debug|Any CPU
		{73F19966-4D3B-4621-B36E-9DA8742C0FFA}.Debug|Any CPU.Build.0 = Debug|Any CPU
		{73F19966-4D3B-4621-B36E-9DA8742C0FFA}.Debug|Any CPU.Deploy.0 = Debug|Any CPU
		{73F19966-4D3B-4621-B36E-9DA8742C0FFA}.Debug|iPhone.ActiveCfg = Debug|Any CPU
		{73F19966-4D3B-4621-B36E-9DA8742C0FFA}.Debug|iPhone.Build.0 = Debug|Any CPU
		{73F19966-4D3B-4621-B36E-9DA8742C0FFA}.Debug|iPhone.Deploy.0 = Debug|Any CPU
		{73F19966-4D3B-4621-B36E-9DA8742C0FFA}.Debug|iPhoneSimulator.ActiveCfg = Debug|Any CPU
		{73F19966-4D3B-4621-B36E-9DA8742C0FFA}.Debug|iPhoneSimulator.Build.0 = Debug|Any CPU
		{73F19966-4D3B-4621-B36E-9DA8742C0FFA}.Debug|iPhoneSimulator.Deploy.0 = Debug|Any CPU
		{73F19966-4D3B-4621-B36E-9DA8742C0FFA}.Release|Any CPU.ActiveCfg = Release|Any CPU
		{73F19966-4D3B-4621-B36E-9DA8742C0FFA}.Release|Any CPU.Build.0 = Release|Any CPU
		{73F19966-4D3B-4621-B36E-9DA8742C0FFA}.Release|Any CPU.Deploy.0 = Release|Any CPU
		{73F19966-4D3B-4621-B36E-9DA8742C0FFA}.Release|iPhone.ActiveCfg = Release|Any CPU
		{73F19966-4D3B-4621-B36E-9DA8742C0FFA}.Release|iPhone.Build.0 = Release|Any CPU
		{73F19966-4D3B-4621-B36E-9DA8742C0FFA}.Release|iPhone.Deploy.0 = Release|Any CPU
		{73F19966-4D3B-4621-B36E-9DA8742C0FFA}.Release|iPhoneSimulator.ActiveCfg = Release|Any CPU
		{73F19966-4D3B-4621-B36E-9DA8742C0FFA}.Release|iPhoneSimulator.Build.0 = Release|Any CPU
		{73F19966-4D3B-4621-B36E-9DA8742C0FFA}.Release|iPhoneSimulator.Deploy.0 = Release|Any CPU
		{7D3CA3BE-72B6-4193-9960-B8A615E7E028}.Ad-Hoc|Any CPU.ActiveCfg = Ad-Hoc|iPhone
		{7D3CA3BE-72B6-4193-9960-B8A615E7E028}.Ad-Hoc|Any CPU.Build.0 = Ad-Hoc|iPhone
		{7D3CA3BE-72B6-4193-9960-B8A615E7E028}.Ad-Hoc|Any CPU.Deploy.0 = Ad-Hoc|iPhone
		{7D3CA3BE-72B6-4193-9960-B8A615E7E028}.Ad-Hoc|iPhone.ActiveCfg = Ad-Hoc|iPhone
		{7D3CA3BE-72B6-4193-9960-B8A615E7E028}.Ad-Hoc|iPhone.Build.0 = Ad-Hoc|iPhone
		{7D3CA3BE-72B6-4193-9960-B8A615E7E028}.Ad-Hoc|iPhone.Deploy.0 = Ad-Hoc|iPhone
		{7D3CA3BE-72B6-4193-9960-B8A615E7E028}.Ad-Hoc|iPhoneSimulator.ActiveCfg = Ad-Hoc|iPhoneSimulator
		{7D3CA3BE-72B6-4193-9960-B8A615E7E028}.Ad-Hoc|iPhoneSimulator.Build.0 = Ad-Hoc|iPhoneSimulator
		{7D3CA3BE-72B6-4193-9960-B8A615E7E028}.Ad-Hoc|iPhoneSimulator.Deploy.0 = Ad-Hoc|iPhoneSimulator
		{7D3CA3BE-72B6-4193-9960-B8A615E7E028}.AppStore|Any CPU.ActiveCfg = AppStore|iPhone
		{7D3CA3BE-72B6-4193-9960-B8A615E7E028}.AppStore|Any CPU.Build.0 = AppStore|iPhone
		{7D3CA3BE-72B6-4193-9960-B8A615E7E028}.AppStore|Any CPU.Deploy.0 = AppStore|iPhone
		{7D3CA3BE-72B6-4193-9960-B8A615E7E028}.AppStore|iPhone.ActiveCfg = AppStore|iPhone
		{7D3CA3BE-72B6-4193-9960-B8A615E7E028}.AppStore|iPhone.Build.0 = AppStore|iPhone
		{7D3CA3BE-72B6-4193-9960-B8A615E7E028}.AppStore|iPhone.Deploy.0 = AppStore|iPhone
		{7D3CA3BE-72B6-4193-9960-B8A615E7E028}.AppStore|iPhoneSimulator.ActiveCfg = AppStore|iPhoneSimulator
		{7D3CA3BE-72B6-4193-9960-B8A615E7E028}.AppStore|iPhoneSimulator.Build.0 = AppStore|iPhoneSimulator
		{7D3CA3BE-72B6-4193-9960-B8A615E7E028}.AppStore|iPhoneSimulator.Deploy.0 = AppStore|iPhoneSimulator
		{7D3CA3BE-72B6-4193-9960-B8A615E7E028}.Debug|Any CPU.ActiveCfg = Debug|iPhoneSimulator
		{7D3CA3BE-72B6-4193-9960-B8A615E7E028}.Debug|Any CPU.Build.0 = Debug|iPhoneSimulator
		{7D3CA3BE-72B6-4193-9960-B8A615E7E028}.Debug|Any CPU.Deploy.0 = Debug|iPhoneSimulator
		{7D3CA3BE-72B6-4193-9960-B8A615E7E028}.Debug|iPhone.ActiveCfg = Debug|iPhone
		{7D3CA3BE-72B6-4193-9960-B8A615E7E028}.Debug|iPhone.Build.0 = Debug|iPhone
		{7D3CA3BE-72B6-4193-9960-B8A615E7E028}.Debug|iPhone.Deploy.0 = Debug|iPhone
		{7D3CA3BE-72B6-4193-9960-B8A615E7E028}.Debug|iPhoneSimulator.ActiveCfg = Debug|iPhoneSimulator
		{7D3CA3BE-72B6-4193-9960-B8A615E7E028}.Debug|iPhoneSimulator.Build.0 = Debug|iPhoneSimulator
		{7D3CA3BE-72B6-4193-9960-B8A615E7E028}.Debug|iPhoneSimulator.Deploy.0 = Debug|iPhoneSimulator
		{7D3CA3BE-72B6-4193-9960-B8A615E7E028}.Release|Any CPU.ActiveCfg = Release|iPhone
		{7D3CA3BE-72B6-4193-9960-B8A615E7E028}.Release|Any CPU.Build.0 = Release|iPhone
		{7D3CA3BE-72B6-4193-9960-B8A615E7E028}.Release|Any CPU.Deploy.0 = Release|iPhone
		{7D3CA3BE-72B6-4193-9960-B8A615E7E028}.Release|iPhone.ActiveCfg = Release|iPhone
		{7D3CA3BE-72B6-4193-9960-B8A615E7E028}.Release|iPhone.Build.0 = Release|iPhone
		{7D3CA3BE-72B6-4193-9960-B8A615E7E028}.Release|iPhone.Deploy.0 = Release|iPhone
		{7D3CA3BE-72B6-4193-9960-B8A615E7E028}.Release|iPhoneSimulator.ActiveCfg = Release|iPhoneSimulator
		{7D3CA3BE-72B6-4193-9960-B8A615E7E028}.Release|iPhoneSimulator.Build.0 = Release|iPhoneSimulator
		{7D3CA3BE-72B6-4193-9960-B8A615E7E028}.Release|iPhoneSimulator.Deploy.0 = Release|iPhoneSimulator
		{2A7E4640-9BE7-469B-805C-13163813639B}.Ad-Hoc|Any CPU.ActiveCfg = Debug|Any CPU
		{2A7E4640-9BE7-469B-805C-13163813639B}.Ad-Hoc|Any CPU.Build.0 = Debug|Any CPU
		{2A7E4640-9BE7-469B-805C-13163813639B}.Ad-Hoc|Any CPU.Deploy.0 = Debug|Any CPU
		{2A7E4640-9BE7-469B-805C-13163813639B}.Ad-Hoc|iPhone.ActiveCfg = Debug|Any CPU
		{2A7E4640-9BE7-469B-805C-13163813639B}.Ad-Hoc|iPhone.Build.0 = Debug|Any CPU
		{2A7E4640-9BE7-469B-805C-13163813639B}.Ad-Hoc|iPhone.Deploy.0 = Debug|Any CPU
		{2A7E4640-9BE7-469B-805C-13163813639B}.Ad-Hoc|iPhoneSimulator.ActiveCfg = Debug|Any CPU
		{2A7E4640-9BE7-469B-805C-13163813639B}.Ad-Hoc|iPhoneSimulator.Build.0 = Debug|Any CPU
		{2A7E4640-9BE7-469B-805C-13163813639B}.Ad-Hoc|iPhoneSimulator.Deploy.0 = Debug|Any CPU
		{2A7E4640-9BE7-469B-805C-13163813639B}.AppStore|Any CPU.ActiveCfg = Debug|Any CPU
		{2A7E4640-9BE7-469B-805C-13163813639B}.AppStore|Any CPU.Build.0 = Debug|Any CPU
		{2A7E4640-9BE7-469B-805C-13163813639B}.AppStore|Any CPU.Deploy.0 = Debug|Any CPU
		{2A7E4640-9BE7-469B-805C-13163813639B}.AppStore|iPhone.ActiveCfg = Debug|Any CPU
		{2A7E4640-9BE7-469B-805C-13163813639B}.AppStore|iPhone.Build.0 = Debug|Any CPU
		{2A7E4640-9BE7-469B-805C-13163813639B}.AppStore|iPhone.Deploy.0 = Debug|Any CPU
		{2A7E4640-9BE7-469B-805C-13163813639B}.AppStore|iPhoneSimulator.ActiveCfg = Debug|Any CPU
		{2A7E4640-9BE7-469B-805C-13163813639B}.AppStore|iPhoneSimulator.Build.0 = Debug|Any CPU
		{2A7E4640-9BE7-469B-805C-13163813639B}.AppStore|iPhoneSimulator.Deploy.0 = Debug|Any CPU
		{2A7E4640-9BE7-469B-805C-13163813639B}.Debug|Any CPU.ActiveCfg = Debug|Any CPU
		{2A7E4640-9BE7-469B-805C-13163813639B}.Debug|Any CPU.Build.0 = Debug|Any CPU
		{2A7E4640-9BE7-469B-805C-13163813639B}.Debug|Any CPU.Deploy.0 = Debug|Any CPU
		{2A7E4640-9BE7-469B-805C-13163813639B}.Debug|iPhone.ActiveCfg = Debug|Any CPU
		{2A7E4640-9BE7-469B-805C-13163813639B}.Debug|iPhone.Build.0 = Debug|Any CPU
		{2A7E4640-9BE7-469B-805C-13163813639B}.Debug|iPhone.Deploy.0 = Debug|Any CPU
		{2A7E4640-9BE7-469B-805C-13163813639B}.Debug|iPhoneSimulator.ActiveCfg = Debug|Any CPU
		{2A7E4640-9BE7-469B-805C-13163813639B}.Debug|iPhoneSimulator.Build.0 = Debug|Any CPU
		{2A7E4640-9BE7-469B-805C-13163813639B}.Debug|iPhoneSimulator.Deploy.0 = Debug|Any CPU
		{2A7E4640-9BE7-469B-805C-13163813639B}.Release|Any CPU.ActiveCfg = Release|Any CPU
		{2A7E4640-9BE7-469B-805C-13163813639B}.Release|Any CPU.Build.0 = Release|Any CPU
		{2A7E4640-9BE7-469B-805C-13163813639B}.Release|Any CPU.Deploy.0 = Release|Any CPU
		{2A7E4640-9BE7-469B-805C-13163813639B}.Release|iPhone.ActiveCfg = Release|Any CPU
		{2A7E4640-9BE7-469B-805C-13163813639B}.Release|iPhone.Build.0 = Release|Any CPU
		{2A7E4640-9BE7-469B-805C-13163813639B}.Release|iPhone.Deploy.0 = Release|Any CPU
		{2A7E4640-9BE7-469B-805C-13163813639B}.Release|iPhoneSimulator.ActiveCfg = Release|Any CPU
		{2A7E4640-9BE7-469B-805C-13163813639B}.Release|iPhoneSimulator.Build.0 = Release|Any CPU
		{2A7E4640-9BE7-469B-805C-13163813639B}.Release|iPhoneSimulator.Deploy.0 = Release|Any CPU
	EndGlobalSection
	GlobalSection(SolutionProperties) = preSolution
		HideSolutionNode = FALSE
	EndGlobalSection
	GlobalSection(ExtensibilityGlobals) = postSolution
		SolutionGuid = {5EB311B4-1A34-49B3-A788-7A9F38F949DE}
	EndGlobalSection
EndGlobal
